
Microsoft Visual Studio Solution File, Format Version 12.00
# Visual Studio Version 16
VisualStudioVersion = 16.0.30711.63
MinimumVisualStudioVersion = 10.0.40219.1
Project("{9A19103F-16F7-4668-BE54-9A1E7A4F7556}") = "CallDlexLayoutUsingTemplateExample", "CallDlexLayoutUsingTemplateExample\CallDlexLayoutUsingTemplateExample.csproj", "{0B6FC959-F01A-4534-ABC2-94B8DC39D885}"
EndProject
Project("{2150E333-8FDC-42A3-9474-1A3956D46DE8}") = "Solution Items", "Solution Items", "{4E4CD640-C3BC-46B4-80D8-FA392926A41F}"
EndProject
Project("{9A19103F-16F7-4668-BE54-9A1E7A4F7556}") = "DynamicPdfClientLibraryExamples", "DynamicPdfClientLibraryExamples\DynamicPdfClientLibraryExamples.csproj", "{9BCBCC51-9727-4CDF-BE14-39A044E31856}"
EndProject
Project("{FAE04EC0-301F-11D3-BF4B-00C04F79EFBC}") = "MergePdfsTutorial", "MergePdfsTutorial\MergePdfsTutorial.csproj", "{5591F578-39D1-415F-A928-CB0E3BFF3242}"
EndProject
Global
	GlobalSection(SolutionConfigurationPlatforms) = preSolution
		Debug|Any CPU = Debug|Any CPU
		Release|Any CPU = Release|Any CPU
	EndGlobalSection
	GlobalSection(ProjectConfigurationPlatforms) = postSolution
		{0B6FC959-F01A-4534-ABC2-94B8DC39D885}.Debug|Any CPU.ActiveCfg = Debug|Any CPU
		{0B6FC959-F01A-4534-ABC2-94B8DC39D885}.Debug|Any CPU.Build.0 = Debug|Any CPU
		{0B6FC959-F01A-4534-ABC2-94B8DC39D885}.Release|Any CPU.ActiveCfg = Release|Any CPU
		{0B6FC959-F01A-4534-ABC2-94B8DC39D885}.Release|Any CPU.Build.0 = Release|Any CPU
		{9BCBCC51-9727-4CDF-BE14-39A044E31856}.Debug|Any CPU.ActiveCfg = Debug|Any CPU
		{9BCBCC51-9727-4CDF-BE14-39A044E31856}.Debug|Any CPU.Build.0 = Debug|Any CPU
		{9BCBCC51-9727-4CDF-BE14-39A044E31856}.Release|Any CPU.ActiveCfg = Release|Any CPU
		{9BCBCC51-9727-4CDF-BE14-39A044E31856}.Release|Any CPU.Build.0 = Release|Any CPU
		{5591F578-39D1-415F-A928-CB0E3BFF3242}.Debug|Any CPU.ActiveCfg = Debug|Any CPU
		{5591F578-39D1-415F-A928-CB0E3BFF3242}.Debug|Any CPU.Build.0 = Debug|Any CPU
		{5591F578-39D1-415F-A928-CB0E3BFF3242}.Release|Any CPU.ActiveCfg = Release|Any CPU
		{5591F578-39D1-415F-A928-CB0E3BFF3242}.Release|Any CPU.Build.0 = Release|Any CPU
	EndGlobalSection
	GlobalSection(SolutionProperties) = preSolution
		HideSolutionNode = FALSE
	EndGlobalSection
	GlobalSection(ExtensibilityGlobals) = postSolution
		SolutionGuid = {B85EEB32-A524-4F31-9B67-705999C66533}
	EndGlobalSection
EndGlobal
