
Microsoft Visual Studio Solution File, Format Version 12.00
# Visual Studio Version 16
VisualStudioVersion = 16.0.30711.63
MinimumVisualStudioVersion = 10.0.40219.1
Project("{9A19103F-16F7-4668-BE54-9A1E7A4F7556}") = "DynamicPdfCloudApiClientExamples", "dotnet-client-examples\DynamicPdfCloudApiClientExamples.csproj", "{EC19CC76-A225-4344-89D0-DC69AB6364A3}"
EndProject
Project("{9A19103F-16F7-4668-BE54-9A1E7A4F7556}") = "GettingStartedInFive", "GettingStartedInFive\GettingStartedInFive.csproj", "{3E855BBE-6C1B-4E06-897A-C02EB2BB1BE6}"
EndProject
Project("{9A19103F-16F7-4668-BE54-9A1E7A4F7556}") = "MergePdfs", "MergeMultiplePdfs\MergePdfs.csproj", "{B7DD3989-C0A7-4812-B590-BDB1D4ADE6EF}"
EndProject
Global
	GlobalSection(SolutionConfigurationPlatforms) = preSolution
		Debug|Any CPU = Debug|Any CPU
		Release|Any CPU = Release|Any CPU
	EndGlobalSection
	GlobalSection(ProjectConfigurationPlatforms) = postSolution
		{EC19CC76-A225-4344-89D0-DC69AB6364A3}.Debug|Any CPU.ActiveCfg = Debug|Any CPU
		{EC19CC76-A225-4344-89D0-DC69AB6364A3}.Debug|Any CPU.Build.0 = Debug|Any CPU
		{EC19CC76-A225-4344-89D0-DC69AB6364A3}.Release|Any CPU.ActiveCfg = Release|Any CPU
		{EC19CC76-A225-4344-89D0-DC69AB6364A3}.Release|Any CPU.Build.0 = Release|Any CPU
		{3E855BBE-6C1B-4E06-897A-C02EB2BB1BE6}.Debug|Any CPU.ActiveCfg = Debug|Any CPU
		{3E855BBE-6C1B-4E06-897A-C02EB2BB1BE6}.Debug|Any CPU.Build.0 = Debug|Any CPU
		{3E855BBE-6C1B-4E06-897A-C02EB2BB1BE6}.Release|Any CPU.ActiveCfg = Release|Any CPU
		{3E855BBE-6C1B-4E06-897A-C02EB2BB1BE6}.Release|Any CPU.Build.0 = Release|Any CPU
		{B7DD3989-C0A7-4812-B590-BDB1D4ADE6EF}.Debug|Any CPU.ActiveCfg = Debug|Any CPU
		{B7DD3989-C0A7-4812-B590-BDB1D4ADE6EF}.Debug|Any CPU.Build.0 = Debug|Any CPU
		{B7DD3989-C0A7-4812-B590-BDB1D4ADE6EF}.Release|Any CPU.ActiveCfg = Release|Any CPU
		{B7DD3989-C0A7-4812-B590-BDB1D4ADE6EF}.Release|Any CPU.Build.0 = Release|Any CPU
	EndGlobalSection
	GlobalSection(SolutionProperties) = preSolution
		HideSolutionNode = FALSE
	EndGlobalSection
	GlobalSection(ExtensibilityGlobals) = postSolution
		SolutionGuid = {B85EEB32-A524-4F31-9B67-705999C66533}
	EndGlobalSection
EndGlobal
